
Microsoft Visual Studio Solution File, Format Version 12.00
# Visual Studio 15
VisualStudioVersion = 15.0.28307.960
MinimumVisualStudioVersion = 10.0.40219.1
Project("{FAE04EC0-301F-11D3-BF4B-00C04F79EFBC}") = "MonitoramentoIPs", "Ping\MonitoramentoIPs.csproj", "{67947225-B984-4B56-9354-85D65DDC4E65}"
EndProject
Project("{54435603-DBB4-11D2-8724-00A0C9A8B90C}") = "MonitoramentoIPSetup", "MonitoramentoIPSetup\MonitoramentoIPSetup.vdproj", "{3846A4BA-4397-46CA-957D-42CC0948966C}"
EndProject
Global
	GlobalSection(SolutionConfigurationPlatforms) = preSolution
		Debug|Any CPU = Debug|Any CPU
		Release|Any CPU = Release|Any CPU
	EndGlobalSection
	GlobalSection(ProjectConfigurationPlatforms) = postSolution
		{67947225-B984-4B56-9354-85D65DDC4E65}.Debug|Any CPU.ActiveCfg = Debug|Any CPU
		{67947225-B984-4B56-9354-85D65DDC4E65}.Debug|Any CPU.Build.0 = Debug|Any CPU
		{67947225-B984-4B56-9354-85D65DDC4E65}.Release|Any CPU.ActiveCfg = Release|Any CPU
		{67947225-B984-4B56-9354-85D65DDC4E65}.Release|Any CPU.Build.0 = Release|Any CPU
		{3846A4BA-4397-46CA-957D-42CC0948966C}.Debug|Any CPU.ActiveCfg = Debug
		{3846A4BA-4397-46CA-957D-42CC0948966C}.Release|Any CPU.ActiveCfg = Release
	EndGlobalSection
	GlobalSection(SolutionProperties) = preSolution
		HideSolutionNode = FALSE
	EndGlobalSection
	GlobalSection(ExtensibilityGlobals) = postSolution
		SolutionGuid = {231E152B-DC37-4C90-B271-1C0A0AAA02C9}
	EndGlobalSection
EndGlobal
